
Microsoft Visual Studio Solution File, Format Version 12.00
# Visual Studio Version 17
VisualStudioVersion = 17.0.32014.148
MinimumVisualStudioVersion = 10.0.40219.1
Project("{9A19103F-16F7-4668-BE54-9A1E7A4F7556}") = "ApiRestFullCrudEtudiantEntity", "ApiRestFullCrudEtudiantEntity.csproj", "{B79E9CB0-B1FD-4EBF-B6FB-DE1C9476EF05}"
EndProject
Global
	GlobalSection(SolutionConfigurationPlatforms) = preSolution
		Debug|Any CPU = Debug|Any CPU
		Release|Any CPU = Release|Any CPU
	EndGlobalSection
	GlobalSection(ProjectConfigurationPlatforms) = postSolution
		{B79E9CB0-B1FD-4EBF-B6FB-DE1C9476EF05}.Debug|Any CPU.ActiveCfg = Debug|Any CPU
		{B79E9CB0-B1FD-4EBF-B6FB-DE1C9476EF05}.Debug|Any CPU.Build.0 = Debug|Any CPU
		{B79E9CB0-B1FD-4EBF-B6FB-DE1C9476EF05}.Release|Any CPU.ActiveCfg = Release|Any CPU
		{B79E9CB0-B1FD-4EBF-B6FB-DE1C9476EF05}.Release|Any CPU.Build.0 = Release|Any CPU
	EndGlobalSection
	GlobalSection(SolutionProperties) = preSolution
		HideSolutionNode = FALSE
	EndGlobalSection
	GlobalSection(ExtensibilityGlobals) = postSolution
		SolutionGuid = {2E17B567-5E36-4085-B257-2873954594B5}
	EndGlobalSection
EndGlobal
