
Microsoft Visual Studio Solution File, Format Version 12.00
# Visual Studio Version 17
VisualStudioVersion = 17.0.32014.148
MinimumVisualStudioVersion = 10.0.40219.1
Project("{FAE04EC0-301F-11D3-BF4B-00C04F79EFBC}") = "CorrectionTPChaise", "CorrectionTPChaise\CorrectionTPChaise.csproj", "{44AE8924-9269-450B-A681-7F30D574A0CF}"
EndProject
Global
	GlobalSection(SolutionConfigurationPlatforms) = preSolution
		Debug|Any CPU = Debug|Any CPU
		Release|Any CPU = Release|Any CPU
	EndGlobalSection
	GlobalSection(ProjectConfigurationPlatforms) = postSolution
		{44AE8924-9269-450B-A681-7F30D574A0CF}.Debug|Any CPU.ActiveCfg = Debug|Any CPU
		{44AE8924-9269-450B-A681-7F30D574A0CF}.Debug|Any CPU.Build.0 = Debug|Any CPU
		{44AE8924-9269-450B-A681-7F30D574A0CF}.Release|Any CPU.ActiveCfg = Release|Any CPU
		{44AE8924-9269-450B-A681-7F30D574A0CF}.Release|Any CPU.Build.0 = Release|Any CPU
	EndGlobalSection
	GlobalSection(SolutionProperties) = preSolution
		HideSolutionNode = FALSE
	EndGlobalSection
	GlobalSection(ExtensibilityGlobals) = postSolution
		SolutionGuid = {5CF88555-A27B-47DB-9CC6-CC710ED925DD}
	EndGlobalSection
EndGlobal
