
Microsoft Visual Studio Solution File, Format Version 12.00
# Visual Studio Version 17
VisualStudioVersion = 17.0.31919.166
MinimumVisualStudioVersion = 10.0.40219.1
Project("{9A19103F-16F7-4668-BE54-9A1E7A4F7556}") = "LesGeneriques", "LesGeneriques\LesGeneriques.csproj", "{B42FC563-6A3F-4F75-BC0A-1A428D8051AC}"
EndProject
Project("{2150E333-8FDC-42A3-9474-1A3956D46DE8}") = "Cours", "Cours", "{2AA98A97-D9FD-4437-B5BB-8004FA34779D}"
EndProject
Project("{2150E333-8FDC-42A3-9474-1A3956D46DE8}") = "Tp", "Tp", "{99365DD3-5DF7-4DF1-9735-529B8FC15C7B}"
EndProject
Project("{9A19103F-16F7-4668-BE54-9A1E7A4F7556}") = "TpTheGreatTP", "TpTheGreatTP\TpTheGreatTP.csproj", "{C1296B19-4DBA-4011-8833-5EAB5FFBBE74}"
EndProject
Project("{FAE04EC0-301F-11D3-BF4B-00C04F79EFBC}") = "TpCompteBancaireHeritage", "TpCompteBancaireHeritage\TpCompteBancaireHeritage.csproj", "{EB8AB05A-7AE3-44E7-AE25-40F04E3176A5}"
EndProject
Project("{9A19103F-16F7-4668-BE54-9A1E7A4F7556}") = "LeCasting", "LeCasting\LeCasting.csproj", "{87E51CEB-C500-4A55-865B-2D8B5B337C43}"
EndProject
Project("{9A19103F-16F7-4668-BE54-9A1E7A4F7556}") = "Heritage", "Heritage\Heritage.csproj", "{DD846AFB-1BB8-43BC-AFCD-BDA5AE1AD832}"
EndProject
Global
	GlobalSection(SolutionConfigurationPlatforms) = preSolution
		Debug|Any CPU = Debug|Any CPU
		Release|Any CPU = Release|Any CPU
	EndGlobalSection
	GlobalSection(ProjectConfigurationPlatforms) = postSolution
		{B42FC563-6A3F-4F75-BC0A-1A428D8051AC}.Debug|Any CPU.ActiveCfg = Debug|Any CPU
		{B42FC563-6A3F-4F75-BC0A-1A428D8051AC}.Debug|Any CPU.Build.0 = Debug|Any CPU
		{B42FC563-6A3F-4F75-BC0A-1A428D8051AC}.Release|Any CPU.ActiveCfg = Release|Any CPU
		{B42FC563-6A3F-4F75-BC0A-1A428D8051AC}.Release|Any CPU.Build.0 = Release|Any CPU
		{C1296B19-4DBA-4011-8833-5EAB5FFBBE74}.Debug|Any CPU.ActiveCfg = Debug|Any CPU
		{C1296B19-4DBA-4011-8833-5EAB5FFBBE74}.Debug|Any CPU.Build.0 = Debug|Any CPU
		{C1296B19-4DBA-4011-8833-5EAB5FFBBE74}.Release|Any CPU.ActiveCfg = Release|Any CPU
		{C1296B19-4DBA-4011-8833-5EAB5FFBBE74}.Release|Any CPU.Build.0 = Release|Any CPU
		{EB8AB05A-7AE3-44E7-AE25-40F04E3176A5}.Debug|Any CPU.ActiveCfg = Debug|Any CPU
		{EB8AB05A-7AE3-44E7-AE25-40F04E3176A5}.Debug|Any CPU.Build.0 = Debug|Any CPU
		{EB8AB05A-7AE3-44E7-AE25-40F04E3176A5}.Release|Any CPU.ActiveCfg = Release|Any CPU
		{EB8AB05A-7AE3-44E7-AE25-40F04E3176A5}.Release|Any CPU.Build.0 = Release|Any CPU
		{87E51CEB-C500-4A55-865B-2D8B5B337C43}.Debug|Any CPU.ActiveCfg = Debug|Any CPU
		{87E51CEB-C500-4A55-865B-2D8B5B337C43}.Debug|Any CPU.Build.0 = Debug|Any CPU
		{87E51CEB-C500-4A55-865B-2D8B5B337C43}.Release|Any CPU.ActiveCfg = Release|Any CPU
		{87E51CEB-C500-4A55-865B-2D8B5B337C43}.Release|Any CPU.Build.0 = Release|Any CPU
		{DD846AFB-1BB8-43BC-AFCD-BDA5AE1AD832}.Debug|Any CPU.ActiveCfg = Debug|Any CPU
		{DD846AFB-1BB8-43BC-AFCD-BDA5AE1AD832}.Debug|Any CPU.Build.0 = Debug|Any CPU
		{DD846AFB-1BB8-43BC-AFCD-BDA5AE1AD832}.Release|Any CPU.ActiveCfg = Release|Any CPU
		{DD846AFB-1BB8-43BC-AFCD-BDA5AE1AD832}.Release|Any CPU.Build.0 = Release|Any CPU
	EndGlobalSection
	GlobalSection(SolutionProperties) = preSolution
		HideSolutionNode = FALSE
	EndGlobalSection
	GlobalSection(NestedProjects) = preSolution
		{B42FC563-6A3F-4F75-BC0A-1A428D8051AC} = {2AA98A97-D9FD-4437-B5BB-8004FA34779D}
		{C1296B19-4DBA-4011-8833-5EAB5FFBBE74} = {99365DD3-5DF7-4DF1-9735-529B8FC15C7B}
		{EB8AB05A-7AE3-44E7-AE25-40F04E3176A5} = {99365DD3-5DF7-4DF1-9735-529B8FC15C7B}
		{87E51CEB-C500-4A55-865B-2D8B5B337C43} = {2AA98A97-D9FD-4437-B5BB-8004FA34779D}
		{DD846AFB-1BB8-43BC-AFCD-BDA5AE1AD832} = {2AA98A97-D9FD-4437-B5BB-8004FA34779D}
	EndGlobalSection
	GlobalSection(ExtensibilityGlobals) = postSolution
		SolutionGuid = {166A154C-763A-498A-9A9B-E77B3743B2AE}
	EndGlobalSection
EndGlobal
