
Microsoft Visual Studio Solution File, Format Version 12.00
# Visual Studio Version 17
VisualStudioVersion = 17.0.32014.148
MinimumVisualStudioVersion = 10.0.40219.1
Project("{9A19103F-16F7-4668-BE54-9A1E7A4F7556}") = "CorrectionExercice1", "CorrectionExercice1\CorrectionExercice1.csproj", "{A2B45BC8-6939-42B1-A799-AFF60C68B6A1}"
EndProject
Project("{9A19103F-16F7-4668-BE54-9A1E7A4F7556}") = "CorrectionExercice2Et3", "CorrectionExercice2Et3\CorrectionExercice2Et3.csproj", "{74AF4F6E-B740-4361-BDDC-D37E4340BBD3}"
EndProject
Project("{9A19103F-16F7-4668-BE54-9A1E7A4F7556}") = "CorrectionEx6", "CorrectionEx6\CorrectionEx6.csproj", "{6B2C687A-A10E-4A8F-8083-F0412B1B6FB8}"
EndProject
Project("{FAE04EC0-301F-11D3-BF4B-00C04F79EFBC}") = "CorrectionExercice8", "CorrectionExercice8\CorrectionExercice8.csproj", "{C0463707-932D-4227-8899-634D81BDA5CD}"
EndProject
Project("{FAE04EC0-301F-11D3-BF4B-00C04F79EFBC}") = "CorrectionExercice7", "CorrectionExercice7\CorrectionExercice7.csproj", "{4AA3CDB3-B168-44B3-A731-860C3E5DBD9B}"
EndProject
Project("{FAE04EC0-301F-11D3-BF4B-00C04F79EFBC}") = "CorrectionExercice10", "CorrectionExercice10\CorrectionExercice10.csproj", "{4483EA95-D911-4FF7-8A47-2CD640FA96C6}"
EndProject
Project("{FAE04EC0-301F-11D3-BF4B-00C04F79EFBC}") = "CorrectionExercice11", "CorrectionExercice11\CorrectionExercice11.csproj", "{D4FC101F-0F46-4106-ABB2-C4DDBE394A58}"
EndProject
Project("{FAE04EC0-301F-11D3-BF4B-00C04F79EFBC}") = "CorrectionExercice12", "CorrectionExercice12\CorrectionExercice12.csproj", "{78AAE8F9-2760-4275-9CC0-30C992780C5C}"
EndProject
Global
	GlobalSection(SolutionConfigurationPlatforms) = preSolution
		Debug|Any CPU = Debug|Any CPU
		Release|Any CPU = Release|Any CPU
	EndGlobalSection
	GlobalSection(ProjectConfigurationPlatforms) = postSolution
		{A2B45BC8-6939-42B1-A799-AFF60C68B6A1}.Debug|Any CPU.ActiveCfg = Debug|Any CPU
		{A2B45BC8-6939-42B1-A799-AFF60C68B6A1}.Debug|Any CPU.Build.0 = Debug|Any CPU
		{A2B45BC8-6939-42B1-A799-AFF60C68B6A1}.Release|Any CPU.ActiveCfg = Release|Any CPU
		{A2B45BC8-6939-42B1-A799-AFF60C68B6A1}.Release|Any CPU.Build.0 = Release|Any CPU
		{74AF4F6E-B740-4361-BDDC-D37E4340BBD3}.Debug|Any CPU.ActiveCfg = Debug|Any CPU
		{74AF4F6E-B740-4361-BDDC-D37E4340BBD3}.Debug|Any CPU.Build.0 = Debug|Any CPU
		{74AF4F6E-B740-4361-BDDC-D37E4340BBD3}.Release|Any CPU.ActiveCfg = Release|Any CPU
		{74AF4F6E-B740-4361-BDDC-D37E4340BBD3}.Release|Any CPU.Build.0 = Release|Any CPU
		{6B2C687A-A10E-4A8F-8083-F0412B1B6FB8}.Debug|Any CPU.ActiveCfg = Debug|Any CPU
		{6B2C687A-A10E-4A8F-8083-F0412B1B6FB8}.Debug|Any CPU.Build.0 = Debug|Any CPU
		{6B2C687A-A10E-4A8F-8083-F0412B1B6FB8}.Release|Any CPU.ActiveCfg = Release|Any CPU
		{6B2C687A-A10E-4A8F-8083-F0412B1B6FB8}.Release|Any CPU.Build.0 = Release|Any CPU
		{C0463707-932D-4227-8899-634D81BDA5CD}.Debug|Any CPU.ActiveCfg = Debug|Any CPU
		{C0463707-932D-4227-8899-634D81BDA5CD}.Debug|Any CPU.Build.0 = Debug|Any CPU
		{C0463707-932D-4227-8899-634D81BDA5CD}.Release|Any CPU.ActiveCfg = Release|Any CPU
		{C0463707-932D-4227-8899-634D81BDA5CD}.Release|Any CPU.Build.0 = Release|Any CPU
		{4AA3CDB3-B168-44B3-A731-860C3E5DBD9B}.Debug|Any CPU.ActiveCfg = Debug|Any CPU
		{4AA3CDB3-B168-44B3-A731-860C3E5DBD9B}.Debug|Any CPU.Build.0 = Debug|Any CPU
		{4AA3CDB3-B168-44B3-A731-860C3E5DBD9B}.Release|Any CPU.ActiveCfg = Release|Any CPU
		{4AA3CDB3-B168-44B3-A731-860C3E5DBD9B}.Release|Any CPU.Build.0 = Release|Any CPU
		{4483EA95-D911-4FF7-8A47-2CD640FA96C6}.Debug|Any CPU.ActiveCfg = Debug|Any CPU
		{4483EA95-D911-4FF7-8A47-2CD640FA96C6}.Debug|Any CPU.Build.0 = Debug|Any CPU
		{4483EA95-D911-4FF7-8A47-2CD640FA96C6}.Release|Any CPU.ActiveCfg = Release|Any CPU
		{4483EA95-D911-4FF7-8A47-2CD640FA96C6}.Release|Any CPU.Build.0 = Release|Any CPU
		{D4FC101F-0F46-4106-ABB2-C4DDBE394A58}.Debug|Any CPU.ActiveCfg = Debug|Any CPU
		{D4FC101F-0F46-4106-ABB2-C4DDBE394A58}.Debug|Any CPU.Build.0 = Debug|Any CPU
		{D4FC101F-0F46-4106-ABB2-C4DDBE394A58}.Release|Any CPU.ActiveCfg = Release|Any CPU
		{D4FC101F-0F46-4106-ABB2-C4DDBE394A58}.Release|Any CPU.Build.0 = Release|Any CPU
		{78AAE8F9-2760-4275-9CC0-30C992780C5C}.Debug|Any CPU.ActiveCfg = Debug|Any CPU
		{78AAE8F9-2760-4275-9CC0-30C992780C5C}.Debug|Any CPU.Build.0 = Debug|Any CPU
		{78AAE8F9-2760-4275-9CC0-30C992780C5C}.Release|Any CPU.ActiveCfg = Release|Any CPU
		{78AAE8F9-2760-4275-9CC0-30C992780C5C}.Release|Any CPU.Build.0 = Release|Any CPU
	EndGlobalSection
	GlobalSection(SolutionProperties) = preSolution
		HideSolutionNode = FALSE
	EndGlobalSection
	GlobalSection(ExtensibilityGlobals) = postSolution
		SolutionGuid = {A2D2B660-A8E1-4FA8-A03B-B483667862B0}
	EndGlobalSection
EndGlobal
