
Microsoft Visual Studio Solution File, Format Version 12.00
# Visual Studio Version 17
VisualStudioVersion = 17.0.31919.166
MinimumVisualStudioVersion = 10.0.40219.1
Project("{2150E333-8FDC-42A3-9474-1A3956D46DE8}") = "Cours", "Cours", "{2AA98A97-D9FD-4437-B5BB-8004FA34779D}"
EndProject
Project("{2150E333-8FDC-42A3-9474-1A3956D46DE8}") = "Tp", "Tp", "{99365DD3-5DF7-4DF1-9735-529B8FC15C7B}"
EndProject
Project("{2150E333-8FDC-42A3-9474-1A3956D46DE8}") = "FormationPOO", "FormationPOO", "{A0F83952-3A9C-4E3E-B488-665476588320}"
EndProject
Project("{2150E333-8FDC-42A3-9474-1A3956D46DE8}") = "FormationCSharp", "FormationCSharp", "{F73CCC92-5E56-49EE-805A-2DF2424758A3}"
EndProject
Project("{2150E333-8FDC-42A3-9474-1A3956D46DE8}") = "Cours", "Cours", "{862C0A3D-03C1-403C-9148-AFEEDBDAA041}"
EndProject
Project("{2150E333-8FDC-42A3-9474-1A3956D46DE8}") = "Exercices", "Exercices", "{80A0E2B4-C744-4129-8B05-B008A4B8FAC1}"
EndProject
Project("{9A19103F-16F7-4668-BE54-9A1E7A4F7556}") = "CorrectionEx6", "CSharp\Exercices\CorrectionEx6\CorrectionEx6.csproj", "{DAA5662B-68F6-4712-B52F-6DE499F38A6E}"
EndProject
Project("{9A19103F-16F7-4668-BE54-9A1E7A4F7556}") = "CorrectionExercice1", "CSharp\Exercices\CorrectionExercice1\CorrectionExercice1.csproj", "{43BFDC95-0BC0-4053-A011-F22A14908E56}"
EndProject
Project("{9A19103F-16F7-4668-BE54-9A1E7A4F7556}") = "CorrectionExercice2Et3", "CSharp\Exercices\CorrectionExercice2Et3\CorrectionExercice2Et3.csproj", "{9527D088-CB54-4939-ADDB-E7BC90CBB433}"
EndProject
Project("{9A19103F-16F7-4668-BE54-9A1E7A4F7556}") = "CorrectionExercice7", "CSharp\Exercices\CorrectionExercice7\CorrectionExercice7.csproj", "{C41DF6B7-A1A0-4D7D-BD44-CEA839C3B945}"
EndProject
Project("{9A19103F-16F7-4668-BE54-9A1E7A4F7556}") = "CorrectionExercice8", "CSharp\Exercices\CorrectionExercice8\CorrectionExercice8.csproj", "{85A6665A-0AA1-43C3-AC46-4CC21997F40F}"
EndProject
Project("{9A19103F-16F7-4668-BE54-9A1E7A4F7556}") = "CorrectionExercice10", "CSharp\Exercices\CorrectionExercice10\CorrectionExercice10.csproj", "{A1E797BF-8B13-41A7-8B6A-1CC865A02AEB}"
EndProject
Project("{9A19103F-16F7-4668-BE54-9A1E7A4F7556}") = "CorrectionExercice11", "CSharp\Exercices\CorrectionExercice11\CorrectionExercice11.csproj", "{4F62685A-99A0-475C-B5AA-FEA89C9FB8B1}"
EndProject
Project("{9A19103F-16F7-4668-BE54-9A1E7A4F7556}") = "CorrectionExercice12", "CSharp\Exercices\CorrectionExercice12\CorrectionExercice12.csproj", "{11FBF23B-7872-4FA2-AD13-F0D05289D426}"
EndProject
Project("{9A19103F-16F7-4668-BE54-9A1E7A4F7556}") = "CorrectionExercice14", "CSharp\Exercices\CorrectionExercice14\CorrectionExercice14.csproj", "{77BF73BE-7494-48DC-A7DA-B567540E028D}"
EndProject
Project("{9A19103F-16F7-4668-BE54-9A1E7A4F7556}") = "CorrectionExercice19", "CSharp\Exercices\CorrectionExercice19\CorrectionExercice19.csproj", "{6847C6AE-9B84-45FD-97EA-7E0D6AFA9568}"
EndProject
Project("{9A19103F-16F7-4668-BE54-9A1E7A4F7556}") = "FormationDotNetValenciennes", "CSharp\Cours\FormationDotNetValenciennes\FormationDotNetValenciennes.csproj", "{C77B54F1-6165-4AF2-B3B6-D63A6CD4A92B}"
EndProject
Project("{9A19103F-16F7-4668-BE54-9A1E7A4F7556}") = "Heritage", "POO\Cours\Heritage\Heritage.csproj", "{73526F9F-FE3C-4C2B-B0F5-9BBCC35E734F}"
EndProject
Project("{9A19103F-16F7-4668-BE54-9A1E7A4F7556}") = "LeCasting", "POO\Cours\LeCasting\LeCasting.csproj", "{CFA47830-A956-49D0-AAD2-53BF8C751C6F}"
EndProject
Project("{9A19103F-16F7-4668-BE54-9A1E7A4F7556}") = "SuiteCoursPOO", "POO\Cours\SuiteCoursPOO\SuiteCoursPOO.csproj", "{CE204931-69F3-4BF3-8982-AD18BAD63CD2}"
EndProject
Project("{9A19103F-16F7-4668-BE54-9A1E7A4F7556}") = "LesGeneriques", "POO\Cours\LesGeneriques\LesGeneriques.csproj", "{E5B3AE96-DA9F-445C-BF32-4868BAB9074C}"
EndProject
Project("{9A19103F-16F7-4668-BE54-9A1E7A4F7556}") = "CorrectionPendu", "POO\TP\CorrectionPendu\CorrectionPendu.csproj", "{B5547533-D160-414D-9E72-45AA2114D499}"
EndProject
Project("{9A19103F-16F7-4668-BE54-9A1E7A4F7556}") = "CorrectionTPChaise", "POO\TP\CorrectionTPChaise\CorrectionTPChaise.csproj", "{B33FAE07-E607-49A0-A78E-BA9757394DF3}"
EndProject
Project("{9A19103F-16F7-4668-BE54-9A1E7A4F7556}") = "CorrectionTPHéritageSalarie", "POO\TP\CorrectionTPHéritageSalarie\CorrectionTPHéritageSalarie.csproj", "{F1B6515D-DFD3-48C0-B166-32158980FFAD}"
EndProject
Project("{9A19103F-16F7-4668-BE54-9A1E7A4F7556}") = "CorrectionTPSalarie", "POO\TP\CorrectionTPSalarie\CorrectionTPSalarie.csproj", "{A09E9400-3646-4C02-8378-D38DE0DA8A1E}"
EndProject
Project("{9A19103F-16F7-4668-BE54-9A1E7A4F7556}") = "TpTheGreatTP", "POO\TP\TpTheGreatTP\TpTheGreatTP.csproj", "{884FF5F3-EE73-4978-AEFC-28460FF6218E}"
EndProject
Project("{9A19103F-16F7-4668-BE54-9A1E7A4F7556}") = "TpCompteBancaireHeritage", "POO\TP\TpCompteBancaireHeritage\TpCompteBancaireHeritage.csproj", "{DE0057E0-D240-44D5-A842-32A6A8BE5EB8}"
EndProject
Project("{FAE04EC0-301F-11D3-BF4B-00C04F79EFBC}") = "CoursAdoNET", "CoursAdoNET\CoursAdoNET.csproj", "{0135E5D5-C969-434B-9C4E-600024406746}"
EndProject
Project("{2150E333-8FDC-42A3-9474-1A3956D46DE8}") = "FormationAdoNET", "FormationAdoNET", "{31A3262A-8DAE-4737-9F17-19B842EC904A}"
EndProject
Project("{2150E333-8FDC-42A3-9474-1A3956D46DE8}") = "Cours", "Cours", "{A50C4E4D-D11D-437F-9AA9-27D8F0973D00}"
EndProject
Project("{2150E333-8FDC-42A3-9474-1A3956D46DE8}") = "Tp", "Tp", "{46BD3D88-75CB-497C-B942-84BB4EF04A88}"
EndProject
Project("{FAE04EC0-301F-11D3-BF4B-00C04F79EFBC}") = "AnnuaireAdoNET", "AnnuaireAdoNET\AnnuaireAdoNET.csproj", "{C4EDFA29-2116-49BB-9577-B3B9946654BC}"
EndProject
Global
	GlobalSection(SolutionConfigurationPlatforms) = preSolution
		Debug|Any CPU = Debug|Any CPU
		Release|Any CPU = Release|Any CPU
	EndGlobalSection
	GlobalSection(ProjectConfigurationPlatforms) = postSolution
		{DAA5662B-68F6-4712-B52F-6DE499F38A6E}.Debug|Any CPU.ActiveCfg = Debug|Any CPU
		{DAA5662B-68F6-4712-B52F-6DE499F38A6E}.Debug|Any CPU.Build.0 = Debug|Any CPU
		{DAA5662B-68F6-4712-B52F-6DE499F38A6E}.Release|Any CPU.ActiveCfg = Release|Any CPU
		{DAA5662B-68F6-4712-B52F-6DE499F38A6E}.Release|Any CPU.Build.0 = Release|Any CPU
		{43BFDC95-0BC0-4053-A011-F22A14908E56}.Debug|Any CPU.ActiveCfg = Debug|Any CPU
		{43BFDC95-0BC0-4053-A011-F22A14908E56}.Debug|Any CPU.Build.0 = Debug|Any CPU
		{43BFDC95-0BC0-4053-A011-F22A14908E56}.Release|Any CPU.ActiveCfg = Release|Any CPU
		{43BFDC95-0BC0-4053-A011-F22A14908E56}.Release|Any CPU.Build.0 = Release|Any CPU
		{9527D088-CB54-4939-ADDB-E7BC90CBB433}.Debug|Any CPU.ActiveCfg = Debug|Any CPU
		{9527D088-CB54-4939-ADDB-E7BC90CBB433}.Debug|Any CPU.Build.0 = Debug|Any CPU
		{9527D088-CB54-4939-ADDB-E7BC90CBB433}.Release|Any CPU.ActiveCfg = Release|Any CPU
		{9527D088-CB54-4939-ADDB-E7BC90CBB433}.Release|Any CPU.Build.0 = Release|Any CPU
		{C41DF6B7-A1A0-4D7D-BD44-CEA839C3B945}.Debug|Any CPU.ActiveCfg = Debug|Any CPU
		{C41DF6B7-A1A0-4D7D-BD44-CEA839C3B945}.Debug|Any CPU.Build.0 = Debug|Any CPU
		{C41DF6B7-A1A0-4D7D-BD44-CEA839C3B945}.Release|Any CPU.ActiveCfg = Release|Any CPU
		{C41DF6B7-A1A0-4D7D-BD44-CEA839C3B945}.Release|Any CPU.Build.0 = Release|Any CPU
		{85A6665A-0AA1-43C3-AC46-4CC21997F40F}.Debug|Any CPU.ActiveCfg = Debug|Any CPU
		{85A6665A-0AA1-43C3-AC46-4CC21997F40F}.Debug|Any CPU.Build.0 = Debug|Any CPU
		{85A6665A-0AA1-43C3-AC46-4CC21997F40F}.Release|Any CPU.ActiveCfg = Release|Any CPU
		{85A6665A-0AA1-43C3-AC46-4CC21997F40F}.Release|Any CPU.Build.0 = Release|Any CPU
		{A1E797BF-8B13-41A7-8B6A-1CC865A02AEB}.Debug|Any CPU.ActiveCfg = Debug|Any CPU
		{A1E797BF-8B13-41A7-8B6A-1CC865A02AEB}.Debug|Any CPU.Build.0 = Debug|Any CPU
		{A1E797BF-8B13-41A7-8B6A-1CC865A02AEB}.Release|Any CPU.ActiveCfg = Release|Any CPU
		{A1E797BF-8B13-41A7-8B6A-1CC865A02AEB}.Release|Any CPU.Build.0 = Release|Any CPU
		{4F62685A-99A0-475C-B5AA-FEA89C9FB8B1}.Debug|Any CPU.ActiveCfg = Debug|Any CPU
		{4F62685A-99A0-475C-B5AA-FEA89C9FB8B1}.Debug|Any CPU.Build.0 = Debug|Any CPU
		{4F62685A-99A0-475C-B5AA-FEA89C9FB8B1}.Release|Any CPU.ActiveCfg = Release|Any CPU
		{4F62685A-99A0-475C-B5AA-FEA89C9FB8B1}.Release|Any CPU.Build.0 = Release|Any CPU
		{11FBF23B-7872-4FA2-AD13-F0D05289D426}.Debug|Any CPU.ActiveCfg = Debug|Any CPU
		{11FBF23B-7872-4FA2-AD13-F0D05289D426}.Debug|Any CPU.Build.0 = Debug|Any CPU
		{11FBF23B-7872-4FA2-AD13-F0D05289D426}.Release|Any CPU.ActiveCfg = Release|Any CPU
		{11FBF23B-7872-4FA2-AD13-F0D05289D426}.Release|Any CPU.Build.0 = Release|Any CPU
		{77BF73BE-7494-48DC-A7DA-B567540E028D}.Debug|Any CPU.ActiveCfg = Debug|Any CPU
		{77BF73BE-7494-48DC-A7DA-B567540E028D}.Debug|Any CPU.Build.0 = Debug|Any CPU
		{77BF73BE-7494-48DC-A7DA-B567540E028D}.Release|Any CPU.ActiveCfg = Release|Any CPU
		{77BF73BE-7494-48DC-A7DA-B567540E028D}.Release|Any CPU.Build.0 = Release|Any CPU
		{6847C6AE-9B84-45FD-97EA-7E0D6AFA9568}.Debug|Any CPU.ActiveCfg = Debug|Any CPU
		{6847C6AE-9B84-45FD-97EA-7E0D6AFA9568}.Debug|Any CPU.Build.0 = Debug|Any CPU
		{6847C6AE-9B84-45FD-97EA-7E0D6AFA9568}.Release|Any CPU.ActiveCfg = Release|Any CPU
		{6847C6AE-9B84-45FD-97EA-7E0D6AFA9568}.Release|Any CPU.Build.0 = Release|Any CPU
		{C77B54F1-6165-4AF2-B3B6-D63A6CD4A92B}.Debug|Any CPU.ActiveCfg = Debug|Any CPU
		{C77B54F1-6165-4AF2-B3B6-D63A6CD4A92B}.Debug|Any CPU.Build.0 = Debug|Any CPU
		{C77B54F1-6165-4AF2-B3B6-D63A6CD4A92B}.Release|Any CPU.ActiveCfg = Release|Any CPU
		{C77B54F1-6165-4AF2-B3B6-D63A6CD4A92B}.Release|Any CPU.Build.0 = Release|Any CPU
		{73526F9F-FE3C-4C2B-B0F5-9BBCC35E734F}.Debug|Any CPU.ActiveCfg = Debug|Any CPU
		{73526F9F-FE3C-4C2B-B0F5-9BBCC35E734F}.Debug|Any CPU.Build.0 = Debug|Any CPU
		{73526F9F-FE3C-4C2B-B0F5-9BBCC35E734F}.Release|Any CPU.ActiveCfg = Release|Any CPU
		{73526F9F-FE3C-4C2B-B0F5-9BBCC35E734F}.Release|Any CPU.Build.0 = Release|Any CPU
		{CFA47830-A956-49D0-AAD2-53BF8C751C6F}.Debug|Any CPU.ActiveCfg = Debug|Any CPU
		{CFA47830-A956-49D0-AAD2-53BF8C751C6F}.Debug|Any CPU.Build.0 = Debug|Any CPU
		{CFA47830-A956-49D0-AAD2-53BF8C751C6F}.Release|Any CPU.ActiveCfg = Release|Any CPU
		{CFA47830-A956-49D0-AAD2-53BF8C751C6F}.Release|Any CPU.Build.0 = Release|Any CPU
		{CE204931-69F3-4BF3-8982-AD18BAD63CD2}.Debug|Any CPU.ActiveCfg = Debug|Any CPU
		{CE204931-69F3-4BF3-8982-AD18BAD63CD2}.Debug|Any CPU.Build.0 = Debug|Any CPU
		{CE204931-69F3-4BF3-8982-AD18BAD63CD2}.Release|Any CPU.ActiveCfg = Release|Any CPU
		{CE204931-69F3-4BF3-8982-AD18BAD63CD2}.Release|Any CPU.Build.0 = Release|Any CPU
		{E5B3AE96-DA9F-445C-BF32-4868BAB9074C}.Debug|Any CPU.ActiveCfg = Debug|Any CPU
		{E5B3AE96-DA9F-445C-BF32-4868BAB9074C}.Debug|Any CPU.Build.0 = Debug|Any CPU
		{E5B3AE96-DA9F-445C-BF32-4868BAB9074C}.Release|Any CPU.ActiveCfg = Release|Any CPU
		{E5B3AE96-DA9F-445C-BF32-4868BAB9074C}.Release|Any CPU.Build.0 = Release|Any CPU
		{B5547533-D160-414D-9E72-45AA2114D499}.Debug|Any CPU.ActiveCfg = Debug|Any CPU
		{B5547533-D160-414D-9E72-45AA2114D499}.Debug|Any CPU.Build.0 = Debug|Any CPU
		{B5547533-D160-414D-9E72-45AA2114D499}.Release|Any CPU.ActiveCfg = Release|Any CPU
		{B5547533-D160-414D-9E72-45AA2114D499}.Release|Any CPU.Build.0 = Release|Any CPU
		{B33FAE07-E607-49A0-A78E-BA9757394DF3}.Debug|Any CPU.ActiveCfg = Debug|Any CPU
		{B33FAE07-E607-49A0-A78E-BA9757394DF3}.Debug|Any CPU.Build.0 = Debug|Any CPU
		{B33FAE07-E607-49A0-A78E-BA9757394DF3}.Release|Any CPU.ActiveCfg = Release|Any CPU
		{B33FAE07-E607-49A0-A78E-BA9757394DF3}.Release|Any CPU.Build.0 = Release|Any CPU
		{F1B6515D-DFD3-48C0-B166-32158980FFAD}.Debug|Any CPU.ActiveCfg = Debug|Any CPU
		{F1B6515D-DFD3-48C0-B166-32158980FFAD}.Debug|Any CPU.Build.0 = Debug|Any CPU
		{F1B6515D-DFD3-48C0-B166-32158980FFAD}.Release|Any CPU.ActiveCfg = Release|Any CPU
		{F1B6515D-DFD3-48C0-B166-32158980FFAD}.Release|Any CPU.Build.0 = Release|Any CPU
		{A09E9400-3646-4C02-8378-D38DE0DA8A1E}.Debug|Any CPU.ActiveCfg = Debug|Any CPU
		{A09E9400-3646-4C02-8378-D38DE0DA8A1E}.Debug|Any CPU.Build.0 = Debug|Any CPU
		{A09E9400-3646-4C02-8378-D38DE0DA8A1E}.Release|Any CPU.ActiveCfg = Release|Any CPU
		{A09E9400-3646-4C02-8378-D38DE0DA8A1E}.Release|Any CPU.Build.0 = Release|Any CPU
		{884FF5F3-EE73-4978-AEFC-28460FF6218E}.Debug|Any CPU.ActiveCfg = Debug|Any CPU
		{884FF5F3-EE73-4978-AEFC-28460FF6218E}.Debug|Any CPU.Build.0 = Debug|Any CPU
		{884FF5F3-EE73-4978-AEFC-28460FF6218E}.Release|Any CPU.ActiveCfg = Release|Any CPU
		{884FF5F3-EE73-4978-AEFC-28460FF6218E}.Release|Any CPU.Build.0 = Release|Any CPU
		{DE0057E0-D240-44D5-A842-32A6A8BE5EB8}.Debug|Any CPU.ActiveCfg = Debug|Any CPU
		{DE0057E0-D240-44D5-A842-32A6A8BE5EB8}.Debug|Any CPU.Build.0 = Debug|Any CPU
		{DE0057E0-D240-44D5-A842-32A6A8BE5EB8}.Release|Any CPU.ActiveCfg = Release|Any CPU
		{DE0057E0-D240-44D5-A842-32A6A8BE5EB8}.Release|Any CPU.Build.0 = Release|Any CPU
		{0135E5D5-C969-434B-9C4E-600024406746}.Debug|Any CPU.ActiveCfg = Debug|Any CPU
		{0135E5D5-C969-434B-9C4E-600024406746}.Debug|Any CPU.Build.0 = Debug|Any CPU
		{0135E5D5-C969-434B-9C4E-600024406746}.Release|Any CPU.ActiveCfg = Release|Any CPU
		{0135E5D5-C969-434B-9C4E-600024406746}.Release|Any CPU.Build.0 = Release|Any CPU
		{C4EDFA29-2116-49BB-9577-B3B9946654BC}.Debug|Any CPU.ActiveCfg = Debug|Any CPU
		{C4EDFA29-2116-49BB-9577-B3B9946654BC}.Debug|Any CPU.Build.0 = Debug|Any CPU
		{C4EDFA29-2116-49BB-9577-B3B9946654BC}.Release|Any CPU.ActiveCfg = Release|Any CPU
		{C4EDFA29-2116-49BB-9577-B3B9946654BC}.Release|Any CPU.Build.0 = Release|Any CPU
	EndGlobalSection
	GlobalSection(SolutionProperties) = preSolution
		HideSolutionNode = FALSE
	EndGlobalSection
	GlobalSection(NestedProjects) = preSolution
		{2AA98A97-D9FD-4437-B5BB-8004FA34779D} = {A0F83952-3A9C-4E3E-B488-665476588320}
		{99365DD3-5DF7-4DF1-9735-529B8FC15C7B} = {A0F83952-3A9C-4E3E-B488-665476588320}
		{862C0A3D-03C1-403C-9148-AFEEDBDAA041} = {F73CCC92-5E56-49EE-805A-2DF2424758A3}
		{80A0E2B4-C744-4129-8B05-B008A4B8FAC1} = {F73CCC92-5E56-49EE-805A-2DF2424758A3}
		{DAA5662B-68F6-4712-B52F-6DE499F38A6E} = {80A0E2B4-C744-4129-8B05-B008A4B8FAC1}
		{43BFDC95-0BC0-4053-A011-F22A14908E56} = {80A0E2B4-C744-4129-8B05-B008A4B8FAC1}
		{9527D088-CB54-4939-ADDB-E7BC90CBB433} = {80A0E2B4-C744-4129-8B05-B008A4B8FAC1}
		{C41DF6B7-A1A0-4D7D-BD44-CEA839C3B945} = {80A0E2B4-C744-4129-8B05-B008A4B8FAC1}
		{85A6665A-0AA1-43C3-AC46-4CC21997F40F} = {80A0E2B4-C744-4129-8B05-B008A4B8FAC1}
		{A1E797BF-8B13-41A7-8B6A-1CC865A02AEB} = {80A0E2B4-C744-4129-8B05-B008A4B8FAC1}
		{4F62685A-99A0-475C-B5AA-FEA89C9FB8B1} = {80A0E2B4-C744-4129-8B05-B008A4B8FAC1}
		{11FBF23B-7872-4FA2-AD13-F0D05289D426} = {80A0E2B4-C744-4129-8B05-B008A4B8FAC1}
		{77BF73BE-7494-48DC-A7DA-B567540E028D} = {80A0E2B4-C744-4129-8B05-B008A4B8FAC1}
		{6847C6AE-9B84-45FD-97EA-7E0D6AFA9568} = {80A0E2B4-C744-4129-8B05-B008A4B8FAC1}
		{C77B54F1-6165-4AF2-B3B6-D63A6CD4A92B} = {862C0A3D-03C1-403C-9148-AFEEDBDAA041}
		{73526F9F-FE3C-4C2B-B0F5-9BBCC35E734F} = {2AA98A97-D9FD-4437-B5BB-8004FA34779D}
		{CFA47830-A956-49D0-AAD2-53BF8C751C6F} = {2AA98A97-D9FD-4437-B5BB-8004FA34779D}
		{CE204931-69F3-4BF3-8982-AD18BAD63CD2} = {2AA98A97-D9FD-4437-B5BB-8004FA34779D}
		{E5B3AE96-DA9F-445C-BF32-4868BAB9074C} = {2AA98A97-D9FD-4437-B5BB-8004FA34779D}
		{B5547533-D160-414D-9E72-45AA2114D499} = {99365DD3-5DF7-4DF1-9735-529B8FC15C7B}
		{B33FAE07-E607-49A0-A78E-BA9757394DF3} = {99365DD3-5DF7-4DF1-9735-529B8FC15C7B}
		{F1B6515D-DFD3-48C0-B166-32158980FFAD} = {99365DD3-5DF7-4DF1-9735-529B8FC15C7B}
		{A09E9400-3646-4C02-8378-D38DE0DA8A1E} = {99365DD3-5DF7-4DF1-9735-529B8FC15C7B}
		{884FF5F3-EE73-4978-AEFC-28460FF6218E} = {99365DD3-5DF7-4DF1-9735-529B8FC15C7B}
		{DE0057E0-D240-44D5-A842-32A6A8BE5EB8} = {99365DD3-5DF7-4DF1-9735-529B8FC15C7B}
		{0135E5D5-C969-434B-9C4E-600024406746} = {A50C4E4D-D11D-437F-9AA9-27D8F0973D00}
		{A50C4E4D-D11D-437F-9AA9-27D8F0973D00} = {31A3262A-8DAE-4737-9F17-19B842EC904A}
		{46BD3D88-75CB-497C-B942-84BB4EF04A88} = {31A3262A-8DAE-4737-9F17-19B842EC904A}
		{C4EDFA29-2116-49BB-9577-B3B9946654BC} = {A50C4E4D-D11D-437F-9AA9-27D8F0973D00}
	EndGlobalSection
	GlobalSection(ExtensibilityGlobals) = postSolution
		SolutionGuid = {166A154C-763A-498A-9A9B-E77B3743B2AE}
	EndGlobalSection
EndGlobal
